
Microsoft Visual Studio Solution File, Format Version 12.00
# Visual Studio Version 17
VisualStudioVersion = 17.7.34221.43
MinimumVisualStudioVersion = 10.0.40219.1
Project("{FAE04EC0-301F-11D3-BF4B-00C04F79EFBC}") = "TaskParallel2", "TaskParallel5.1\TaskParallel2.csproj", "{655781A4-57AC-4698-896B-408F2453073A}"
EndProject
Project("{FAE04EC0-301F-11D3-BF4B-00C04F79EFBC}") = "TaskParallel3", "TaskParallel3\TaskParallel3.csproj", "{542AC2A7-9343-4706-BE31-8EED284FC8D2}"
EndProject
Project("{9A19103F-16F7-4668-BE54-9A1E7A4F7556}") = "TaskParallel22", "..\TaskParallel22\TaskParallel22\TaskParallel22.csproj", "{83A11153-3788-4662-ABA3-DAB90CFDD5BC}"
EndProject
Global
	GlobalSection(SolutionConfigurationPlatforms) = preSolution
		Debug|Any CPU = Debug|Any CPU
		Release|Any CPU = Release|Any CPU
	EndGlobalSection
	GlobalSection(ProjectConfigurationPlatforms) = postSolution
		{655781A4-57AC-4698-896B-408F2453073A}.Debug|Any CPU.ActiveCfg = Debug|Any CPU
		{655781A4-57AC-4698-896B-408F2453073A}.Debug|Any CPU.Build.0 = Debug|Any CPU
		{655781A4-57AC-4698-896B-408F2453073A}.Release|Any CPU.ActiveCfg = Release|Any CPU
		{655781A4-57AC-4698-896B-408F2453073A}.Release|Any CPU.Build.0 = Release|Any CPU
		{542AC2A7-9343-4706-BE31-8EED284FC8D2}.Debug|Any CPU.ActiveCfg = Debug|Any CPU
		{542AC2A7-9343-4706-BE31-8EED284FC8D2}.Debug|Any CPU.Build.0 = Debug|Any CPU
		{542AC2A7-9343-4706-BE31-8EED284FC8D2}.Release|Any CPU.ActiveCfg = Release|Any CPU
		{542AC2A7-9343-4706-BE31-8EED284FC8D2}.Release|Any CPU.Build.0 = Release|Any CPU
		{83A11153-3788-4662-ABA3-DAB90CFDD5BC}.Debug|Any CPU.ActiveCfg = Debug|Any CPU
		{83A11153-3788-4662-ABA3-DAB90CFDD5BC}.Debug|Any CPU.Build.0 = Debug|Any CPU
		{83A11153-3788-4662-ABA3-DAB90CFDD5BC}.Release|Any CPU.ActiveCfg = Release|Any CPU
		{83A11153-3788-4662-ABA3-DAB90CFDD5BC}.Release|Any CPU.Build.0 = Release|Any CPU
	EndGlobalSection
	GlobalSection(SolutionProperties) = preSolution
		HideSolutionNode = FALSE
	EndGlobalSection
	GlobalSection(ExtensibilityGlobals) = postSolution
		SolutionGuid = {EB915EC4-59C4-4663-820B-67DA08BE132A}
	EndGlobalSection
EndGlobal
